// !$*UTF8*$!
{
	archiveVersion = 1;
	classes = {
	};
	objectVersion = 50;
	objects = {

/* Begin PBXBuildFile section */
		8E4D4040249421A000743E33 /* AppDelegate.swift in Sources */ = {isa = PBXBuildFile; fileRef = 8E4D403F249421A000743E33 /* AppDelegate.swift */; };
		8E4D4042249421A000743E33 /* SceneDelegate.swift in Sources */ = {isa = PBXBuildFile; fileRef = 8E4D4041249421A000743E33 /* SceneDelegate.swift */; };
		8E4D4044249421A000743E33 /* PhotoBrowserCollectionViewController.swift in Sources */ = {isa = PBXBuildFile; fileRef = 8E4D4043249421A000743E33 /* PhotoBrowserCollectionViewController.swift */; };
		8E4D4047249421A000743E33 /* Main.storyboard in Resources */ = {isa = PBXBuildFile; fileRef = 8E4D4045249421A000743E33 /* Main.storyboard */; };
		8E4D4049249421A300743E33 /* Assets.xcassets in Resources */ = {isa = PBXBuildFile; fileRef = 8E4D4048249421A300743E33 /* Assets.xcassets */; };
		8E4D404C249421A300743E33 /* LaunchScreen.storyboard in Resources */ = {isa = PBXBuildFile; fileRef = 8E4D404A249421A300743E33 /* LaunchScreen.storyboard */; };
		8E4D4057249421A400743E33 /* PexelsAPISearchTests.swift in Sources */ = {isa = PBXBuildFile; fileRef = 8E4D4056249421A400743E33 /* PexelsAPISearchTests.swift */; };
		8E4D406B2494280100743E33 /* APIService.swift in Sources */ = {isa = PBXBuildFile; fileRef = 8E4D406A2494280100743E33 /* APIService.swift */; };
		8E4D406F24943B5800743E33 /* APIResponse.swift in Sources */ = {isa = PBXBuildFile; fileRef = 8E4D406E24943B5800743E33 /* APIResponse.swift */; };
		8E50ADA12495919D00B11613 /* Post.swift in Sources */ = {isa = PBXBuildFile; fileRef = 8E50ADA02495919D00B11613 /* Post.swift */; };
		8E50ADA32495928300B11613 /* PostModelController.swift in Sources */ = {isa = PBXBuildFile; fileRef = 8E50ADA22495928300B11613 /* PostModelController.swift */; };
		8E5C9B792494B92600F2D5A2 /* Low and High fidelity.pdf in Resources */ = {isa = PBXBuildFile; fileRef = 8E5C9B782494B92600F2D5A2 /* Low and High fidelity.pdf */; };
		8E5C9B7C2494BDCB00F2D5A2 /* ImageCollectionViewCell.swift in Sources */ = {isa = PBXBuildFile; fileRef = 8E5C9B7A2494BDCB00F2D5A2 /* ImageCollectionViewCell.swift */; };
		8E5C9B7D2494BDCB00F2D5A2 /* ImageCollectionViewCell.xib in Resources */ = {isa = PBXBuildFile; fileRef = 8E5C9B7B2494BDCB00F2D5A2 /* ImageCollectionViewCell.xib */; };
		8E5C9B7F2494C91F00F2D5A2 /* Ext+UIView.swift in Sources */ = {isa = PBXBuildFile; fileRef = 8E5C9B7E2494C91F00F2D5A2 /* Ext+UIView.swift */; };
		8ECDC7CB2495B26B00D15AC0 /* ErrorMessages.swift in Sources */ = {isa = PBXBuildFile; fileRef = 8ECDC7CA2495B26B00D15AC0 /* ErrorMessages.swift */; };
		8ECDC7D32495BD4E00D15AC0 /* DetailViewController.swift in Sources */ = {isa = PBXBuildFile; fileRef = 8ECDC7D22495BD4E00D15AC0 /* DetailViewController.swift */; };
/* End PBXBuildFile section */

/* Begin PBXContainerItemProxy section */
		8E4D4053249421A300743E33 /* PBXContainerItemProxy */ = {
			isa = PBXContainerItemProxy;
			containerPortal = 8E4D4034249421A000743E33 /* Project object */;
			proxyType = 1;
			remoteGlobalIDString = 8E4D403B249421A000743E33;
			remoteInfo = PexelsAPISearch;
		};
/* End PBXContainerItemProxy section */

/* Begin PBXFileReference section */
		8E4D403C249421A000743E33 /* PexelsAPISearch.app */ = {isa = PBXFileReference; explicitFileType = wrapper.application; includeInIndex = 0; path = PexelsAPISearch.app; sourceTree = BUILT_PRODUCTS_DIR; };
		8E4D403F249421A000743E33 /* AppDelegate.swift */ = {isa = PBXFileReference; lastKnownFileType = sourcecode.swift; path = AppDelegate.swift; sourceTree = "<group>"; };
		8E4D4041249421A000743E33 /* SceneDelegate.swift */ = {isa = PBXFileReference; lastKnownFileType = sourcecode.swift; path = SceneDelegate.swift; sourceTree = "<group>"; };
		8E4D4043249421A000743E33 /* PhotoBrowserCollectionViewController.swift */ = {isa = PBXFileReference; lastKnownFileType = sourcecode.swift; path = PhotoBrowserCollectionViewController.swift; sourceTree = "<group>"; };
		8E4D4046249421A000743E33 /* Base */ = {isa = PBXFileReference; lastKnownFileType = file.storyboard; name = Base; path = Base.lproj/Main.storyboard; sourceTree = "<group>"; };
		8E4D4048249421A300743E33 /* Assets.xcassets */ = {isa = PBXFileReference; lastKnownFileType = folder.assetcatalog; path = Assets.xcassets; sourceTree = "<group>"; };
		8E4D404B249421A300743E33 /* Base */ = {isa = PBXFileReference; lastKnownFileType = file.storyboard; name = Base; path = Base.lproj/LaunchScreen.storyboard; sourceTree = "<group>"; };
		8E4D404D249421A300743E33 /* Info.plist */ = {isa = PBXFileReference; lastKnownFileType = text.plist.xml; path = Info.plist; sourceTree = "<group>"; };
		8E4D4052249421A300743E33 /* PexelsAPISearchTests.xctest */ = {isa = PBXFileReference; explicitFileType = wrapper.cfbundle; includeInIndex = 0; path = PexelsAPISearchTests.xctest; sourceTree = BUILT_PRODUCTS_DIR; };
		8E4D4056249421A400743E33 /* PexelsAPISearchTests.swift */ = {isa = PBXFileReference; lastKnownFileType = sourcecode.swift; path = PexelsAPISearchTests.swift; sourceTree = "<group>"; };
		8E4D4058249421A400743E33 /* Info.plist */ = {isa = PBXFileReference; lastKnownFileType = text.plist.xml; path = Info.plist; sourceTree = "<group>"; };
		8E4D40692494251300743E33 /* DevNotes.md */ = {isa = PBXFileReference; lastKnownFileType = net.daringfireball.markdown; path = DevNotes.md; sourceTree = "<group>"; };
		8E4D406A2494280100743E33 /* APIService.swift */ = {isa = PBXFileReference; lastKnownFileType = sourcecode.swift; path = APIService.swift; sourceTree = "<group>"; };
		8E4D406E24943B5800743E33 /* APIResponse.swift */ = {isa = PBXFileReference; lastKnownFileType = sourcecode.swift; path = APIResponse.swift; sourceTree = "<group>"; };
		8E50ADA02495919D00B11613 /* Post.swift */ = {isa = PBXFileReference; lastKnownFileType = sourcecode.swift; path = Post.swift; sourceTree = "<group>"; };
		8E50ADA22495928300B11613 /* PostModelController.swift */ = {isa = PBXFileReference; lastKnownFileType = sourcecode.swift; path = PostModelController.swift; sourceTree = "<group>"; };
		8E5C9B782494B92600F2D5A2 /* Low and High fidelity.pdf */ = {isa = PBXFileReference; lastKnownFileType = image.pdf; path = "Low and High fidelity.pdf"; sourceTree = "<group>"; };
		8E5C9B7A2494BDCB00F2D5A2 /* ImageCollectionViewCell.swift */ = {isa = PBXFileReference; lastKnownFileType = sourcecode.swift; path = ImageCollectionViewCell.swift; sourceTree = "<group>"; };
		8E5C9B7B2494BDCB00F2D5A2 /* ImageCollectionViewCell.xib */ = {isa = PBXFileReference; lastKnownFileType = file.xib; path = ImageCollectionViewCell.xib; sourceTree = "<group>"; };
		8E5C9B7E2494C91F00F2D5A2 /* Ext+UIView.swift */ = {isa = PBXFileReference; lastKnownFileType = sourcecode.swift; path = "Ext+UIView.swift"; sourceTree = "<group>"; };
		8ECDC7CA2495B26B00D15AC0 /* ErrorMessages.swift */ = {isa = PBXFileReference; lastKnownFileType = sourcecode.swift; path = ErrorMessages.swift; sourceTree = "<group>"; };
		8ECDC7D22495BD4E00D15AC0 /* DetailViewController.swift */ = {isa = PBXFileReference; lastKnownFileType = sourcecode.swift; path = DetailViewController.swift; sourceTree = "<group>"; };
/* End PBXFileReference section */

/* Begin PBXFrameworksBuildPhase section */
		8E4D4039249421A000743E33 /* Frameworks */ = {
			isa = PBXFrameworksBuildPhase;
			buildActionMask = 2147483647;
			files = (
			);
			runOnlyForDeploymentPostprocessing = 0;
		};
		8E4D404F249421A300743E33 /* Frameworks */ = {
			isa = PBXFrameworksBuildPhase;
			buildActionMask = 2147483647;
			files = (
			);
			runOnlyForDeploymentPostprocessing = 0;
		};
/* End PBXFrameworksBuildPhase section */

/* Begin PBXGroup section */
		8E4D4033249421A000743E33 = {
			isa = PBXGroup;
			children = (
				8E4D403E249421A000743E33 /* PexelsAPISearch */,
				8E4D4055249421A300743E33 /* PexelsAPISearchTests */,
				8E4D403D249421A000743E33 /* Products */,
			);
			sourceTree = "<group>";
		};
		8E4D403D249421A000743E33 /* Products */ = {
			isa = PBXGroup;
			children = (
				8E4D403C249421A000743E33 /* PexelsAPISearch.app */,
				8E4D4052249421A300743E33 /* PexelsAPISearchTests.xctest */,
			);
			name = Products;
			sourceTree = "<group>";
		};
		8E4D403E249421A000743E33 /* PexelsAPISearch */ = {
			isa = PBXGroup;
			children = (
				8E4D4068249424BA00743E33 /* DevNotes */,
				8E4D40672494249C00743E33 /* Storyboard */,
				8E4D40642494221900743E33 /* ViewController */,
				8E4D40622494220300743E33 /* Model */,
				8E4D40662494224100743E33 /* ModelController */,
				8E4D40652494222900743E33 /* Extensions */,
				8E4D4061249421BC00743E33 /* Resources */,
			);
			path = PexelsAPISearch;
			sourceTree = "<group>";
		};
		8E4D4055249421A300743E33 /* PexelsAPISearchTests */ = {
			isa = PBXGroup;
			children = (
				8E4D4056249421A400743E33 /* PexelsAPISearchTests.swift */,
				8E4D4058249421A400743E33 /* Info.plist */,
			);
			path = PexelsAPISearchTests;
			sourceTree = "<group>";
		};
		8E4D4061249421BC00743E33 /* Resources */ = {
			isa = PBXGroup;
			children = (
				8E4D403F249421A000743E33 /* AppDelegate.swift */,
				8E4D4041249421A000743E33 /* SceneDelegate.swift */,
				8E4D4048249421A300743E33 /* Assets.xcassets */,
				8E4D404A249421A300743E33 /* LaunchScreen.storyboard */,
				8E4D404D249421A300743E33 /* Info.plist */,
			);
			path = Resources;
			sourceTree = "<group>";
		};
		8E4D40622494220300743E33 /* Model */ = {
			isa = PBXGroup;
			children = (
				8E4D406E24943B5800743E33 /* APIResponse.swift */,
				8E50ADA02495919D00B11613 /* Post.swift */,
			);
			path = Model;
			sourceTree = "<group>";
		};
		8E4D40642494221900743E33 /* ViewController */ = {
			isa = PBXGroup;
			children = (
				8E4D4043249421A000743E33 /* PhotoBrowserCollectionViewController.swift */,
				8ECDC7D22495BD4E00D15AC0 /* DetailViewController.swift */,
				8ECDC7D12495BD2700D15AC0 /* Cells */,
			);
			path = ViewController;
			sourceTree = "<group>";
		};
		8E4D40652494222900743E33 /* Extensions */ = {
			isa = PBXGroup;
			children = (
				8E5C9B7E2494C91F00F2D5A2 /* Ext+UIView.swift */,
			);
			path = Extensions;
			sourceTree = "<group>";
		};
		8E4D40662494224100743E33 /* ModelController */ = {
			isa = PBXGroup;
			children = (
				8E4D406A2494280100743E33 /* APIService.swift */,
				8E50ADA22495928300B11613 /* PostModelController.swift */,
				8ECDC7CA2495B26B00D15AC0 /* ErrorMessages.swift */,
			);
			path = ModelController;
			sourceTree = "<group>";
		};
		8E4D40672494249C00743E33 /* Storyboard */ = {
			isa = PBXGroup;
			children = (
				8E4D4045249421A000743E33 /* Main.storyboard */,
			);
			path = Storyboard;
			sourceTree = "<group>";
		};
		8E4D4068249424BA00743E33 /* DevNotes */ = {
			isa = PBXGroup;
			children = (
				8E4D40692494251300743E33 /* DevNotes.md */,
				8E5C9B782494B92600F2D5A2 /* Low and High fidelity.pdf */,
			);
			path = DevNotes;
			sourceTree = "<group>";
		};
		8ECDC7D12495BD2700D15AC0 /* Cells */ = {
			isa = PBXGroup;
			children = (
				8E5C9B7A2494BDCB00F2D5A2 /* ImageCollectionViewCell.swift */,
				8E5C9B7B2494BDCB00F2D5A2 /* ImageCollectionViewCell.xib */,
			);
			path = Cells;
			sourceTree = "<group>";
		};
/* End PBXGroup section */

/* Begin PBXNativeTarget section */
		8E4D403B249421A000743E33 /* PexelsAPISearch */ = {
			isa = PBXNativeTarget;
			buildConfigurationList = 8E4D405B249421A400743E33 /* Build configuration list for PBXNativeTarget "PexelsAPISearch" */;
			buildPhases = (
				8E4D4038249421A000743E33 /* Sources */,
				8E4D4039249421A000743E33 /* Frameworks */,
				8E4D403A249421A000743E33 /* Resources */,
			);
			buildRules = (
			);
			dependencies = (
			);
			name = PexelsAPISearch;
			productName = PexelsAPISearch;
			productReference = 8E4D403C249421A000743E33 /* PexelsAPISearch.app */;
			productType = "com.apple.product-type.application";
		};
		8E4D4051249421A300743E33 /* PexelsAPISearchTests */ = {
			isa = PBXNativeTarget;
			buildConfigurationList = 8E4D405E249421A400743E33 /* Build configuration list for PBXNativeTarget "PexelsAPISearchTests" */;
			buildPhases = (
				8E4D404E249421A300743E33 /* Sources */,
				8E4D404F249421A300743E33 /* Frameworks */,
				8E4D4050249421A300743E33 /* Resources */,
			);
			buildRules = (
			);
			dependencies = (
				8E4D4054249421A300743E33 /* PBXTargetDependency */,
			);
			name = PexelsAPISearchTests;
			productName = PexelsAPISearchTests;
			productReference = 8E4D4052249421A300743E33 /* PexelsAPISearchTests.xctest */;
			productType = "com.apple.product-type.bundle.unit-test";
		};
/* End PBXNativeTarget section */

/* Begin PBXProject section */
		8E4D4034249421A000743E33 /* Project object */ = {
			isa = PBXProject;
			attributes = {
				LastSwiftUpdateCheck = 1140;
				LastUpgradeCheck = 1140;
				ORGANIZATIONNAME = "John Torres";
				TargetAttributes = {
					8E4D403B249421A000743E33 = {
						CreatedOnToolsVersion = 11.4.1;
					};
					8E4D4051249421A300743E33 = {
						CreatedOnToolsVersion = 11.4.1;
						TestTargetID = 8E4D403B249421A000743E33;
					};
				};
			};
			buildConfigurationList = 8E4D4037249421A000743E33 /* Build configuration list for PBXProject "PexelsAPISearch" */;
			compatibilityVersion = "Xcode 9.3";
			developmentRegion = en;
			hasScannedForEncodings = 0;
			knownRegions = (
				en,
				Base,
			);
			mainGroup = 8E4D4033249421A000743E33;
			productRefGroup = 8E4D403D249421A000743E33 /* Products */;
			projectDirPath = "";
			projectRoot = "";
			targets = (
				8E4D403B249421A000743E33 /* PexelsAPISearch */,
				8E4D4051249421A300743E33 /* PexelsAPISearchTests */,
			);
		};
/* End PBXProject section */

/* Begin PBXResourcesBuildPhase section */
		8E4D403A249421A000743E33 /* Resources */ = {
			isa = PBXResourcesBuildPhase;
			buildActionMask = 2147483647;
			files = (
				8E5C9B792494B92600F2D5A2 /* Low and High fidelity.pdf in Resources */,
				8E4D404C249421A300743E33 /* LaunchScreen.storyboard in Resources */,
				8E4D4049249421A300743E33 /* Assets.xcassets in Resources */,
				8E4D4047249421A000743E33 /* Main.storyboard in Resources */,
				8E5C9B7D2494BDCB00F2D5A2 /* ImageCollectionViewCell.xib in Resources */,
			);
			runOnlyForDeploymentPostprocessing = 0;
		};
		8E4D4050249421A300743E33 /* Resources */ = {
			isa = PBXResourcesBuildPhase;
			buildActionMask = 2147483647;
			files = (
			);
			runOnlyForDeploymentPostprocessing = 0;
		};
/* End PBXResourcesBuildPhase section */

/* Begin PBXSourcesBuildPhase section */
		8E4D4038249421A000743E33 /* Sources */ = {
			isa = PBXSourcesBuildPhase;
			buildActionMask = 2147483647;
			files = (
				8ECDC7D32495BD4E00D15AC0 /* DetailViewController.swift in Sources */,
				8E5C9B7C2494BDCB00F2D5A2 /* ImageCollectionViewCell.swift in Sources */,
				8E5C9B7F2494C91F00F2D5A2 /* Ext+UIView.swift in Sources */,
				8E4D4044249421A000743E33 /* PhotoBrowserCollectionViewController.swift in Sources */,
				8E50ADA12495919D00B11613 /* Post.swift in Sources */,
				8E50ADA32495928300B11613 /* PostModelController.swift in Sources */,
				8E4D4040249421A000743E33 /* AppDelegate.swift in Sources */,
				8E4D406B2494280100743E33 /* APIService.swift in Sources */,
				8E4D4042249421A000743E33 /* SceneDelegate.swift in Sources */,
				8ECDC7CB2495B26B00D15AC0 /* ErrorMessages.swift in Sources */,
				8E4D406F24943B5800743E33 /* APIResponse.swift in Sources */,
			);
			runOnlyForDeploymentPostprocessing = 0;
		};
		8E4D404E249421A300743E33 /* Sources */ = {
			isa = PBXSourcesBuildPhase;
			buildActionMask = 2147483647;
			files = (
				8E4D4057249421A400743E33 /* PexelsAPISearchTests.swift in Sources */,
			);
			runOnlyForDeploymentPostprocessing = 0;
		};
/* End PBXSourcesBuildPhase section */

/* Begin PBXTargetDependency section */
		8E4D4054249421A300743E33 /* PBXTargetDependency */ = {
			isa = PBXTargetDependency;
			target = 8E4D403B249421A000743E33 /* PexelsAPISearch */;
			targetProxy = 8E4D4053249421A300743E33 /* PBXContainerItemProxy */;
		};
/* End PBXTargetDependency section */

/* Begin PBXVariantGroup section */
		8E4D4045249421A000743E33 /* Main.storyboard */ = {
			isa = PBXVariantGroup;
			children = (
				8E4D4046249421A000743E33 /* Base */,
			);
			name = Main.storyboard;
			sourceTree = "<group>";
		};
		8E4D404A249421A300743E33 /* LaunchScreen.storyboard */ = {
			isa = PBXVariantGroup;
			children = (
				8E4D404B249421A300743E33 /* Base */,
			);
			name = LaunchScreen.storyboard;
			sourceTree = "<group>";
		};
/* End PBXVariantGroup section */

/* Begin XCBuildConfiguration section */
		8E4D4059249421A400743E33 /* Debug */ = {
			isa = XCBuildConfiguration;
			buildSettings = {
				ALWAYS_SEARCH_USER_PATHS = NO;
				CLANG_ANALYZER_NONNULL = YES;
				CLANG_ANALYZER_NUMBER_OBJECT_CONVERSION = YES_AGGRESSIVE;
				CLANG_CXX_LANGUAGE_STANDARD = "gnu++14";
				CLANG_CXX_LIBRARY = "libc++";
				CLANG_ENABLE_MODULES = YES;
				CLANG_ENABLE_OBJC_ARC = YES;
				CLANG_ENABLE_OBJC_WEAK = YES;
				CLANG_WARN_BLOCK_CAPTURE_AUTORELEASING = YES;
				CLANG_WARN_BOOL_CONVERSION = YES;
				CLANG_WARN_COMMA = YES;
				CLANG_WARN_CONSTANT_CONVERSION = YES;
				CLANG_WARN_DEPRECATED_OBJC_IMPLEMENTATIONS = YES;
				CLANG_WARN_DIRECT_OBJC_ISA_USAGE = YES_ERROR;
				CLANG_WARN_DOCUMENTATION_COMMENTS = YES;
				CLANG_WARN_EMPTY_BODY = YES;
				CLANG_WARN_ENUM_CONVERSION = YES;
				CLANG_WARN_INFINITE_RECURSION = YES;
				CLANG_WARN_INT_CONVERSION = YES;
				CLANG_WARN_NON_LITERAL_NULL_CONVERSION = YES;
				CLANG_WARN_OBJC_IMPLICIT_RETAIN_SELF = YES;
				CLANG_WARN_OBJC_LITERAL_CONVERSION = YES;
				CLANG_WARN_OBJC_ROOT_CLASS = YES_ERROR;
				CLANG_WARN_RANGE_LOOP_ANALYSIS = YES;
				CLANG_WARN_STRICT_PROTOTYPES = YES;
				CLANG_WARN_SUSPICIOUS_MOVE = YES;
				CLANG_WARN_UNGUARDED_AVAILABILITY = YES_AGGRESSIVE;
				CLANG_WARN_UNREACHABLE_CODE = YES;
				CLANG_WARN__DUPLICATE_METHOD_MATCH = YES;
				COPY_PHASE_STRIP = NO;
				DEBUG_INFORMATION_FORMAT = dwarf;
				ENABLE_STRICT_OBJC_MSGSEND = YES;
				ENABLE_TESTABILITY = YES;
				GCC_C_LANGUAGE_STANDARD = gnu11;
				GCC_DYNAMIC_NO_PIC = NO;
				GCC_NO_COMMON_BLOCKS = YES;
				GCC_OPTIMIZATION_LEVEL = 0;
				GCC_PREPROCESSOR_DEFINITIONS = (
					"DEBUG=1",
					"$(inherited)",
				);
				GCC_WARN_64_TO_32_BIT_CONVERSION = YES;
				GCC_WARN_ABOUT_RETURN_TYPE = YES_ERROR;
				GCC_WARN_UNDECLARED_SELECTOR = YES;
				GCC_WARN_UNINITIALIZED_AUTOS = YES_AGGRESSIVE;
				GCC_WARN_UNUSED_FUNCTION = YES;
				GCC_WARN_UNUSED_VARIABLE = YES;
				IPHONEOS_DEPLOYMENT_TARGET = 13.4;
				MTL_ENABLE_DEBUG_INFO = INCLUDE_SOURCE;
				MTL_FAST_MATH = YES;
				ONLY_ACTIVE_ARCH = YES;
				SDKROOT = iphoneos;
				SWIFT_ACTIVE_COMPILATION_CONDITIONS = DEBUG;
				SWIFT_OPTIMIZATION_LEVEL = "-Onone";
			};
			name = Debug;
		};
		8E4D405A249421A400743E33 /* Release */ = {
			isa = XCBuildConfiguration;
			buildSettings = {
				ALWAYS_SEARCH_USER_PATHS = NO;
				CLANG_ANALYZER_NONNULL = YES;
				CLANG_ANALYZER_NUMBER_OBJECT_CONVERSION = YES_AGGRESSIVE;
				CLANG_CXX_LANGUAGE_STANDARD = "gnu++14";
				CLANG_CXX_LIBRARY = "libc++";
				CLANG_ENABLE_MODULES = YES;
				CLANG_ENABLE_OBJC_ARC = YES;
				CLANG_ENABLE_OBJC_WEAK = YES;
				CLANG_WARN_BLOCK_CAPTURE_AUTORELEASING = YES;
				CLANG_WARN_BOOL_CONVERSION = YES;
				CLANG_WARN_COMMA = YES;
				CLANG_WARN_CONSTANT_CONVERSION = YES;
				CLANG_WARN_DEPRECATED_OBJC_IMPLEMENTATIONS = YES;
				CLANG_WARN_DIRECT_OBJC_ISA_USAGE = YES_ERROR;
				CLANG_WARN_DOCUMENTATION_COMMENTS = YES;
				CLANG_WARN_EMPTY_BODY = YES;
				CLANG_WARN_ENUM_CONVERSION = YES;
				CLANG_WARN_INFINITE_RECURSION = YES;
				CLANG_WARN_INT_CONVERSION = YES;
				CLANG_WARN_NON_LITERAL_NULL_CONVERSION = YES;
				CLANG_WARN_OBJC_IMPLICIT_RETAIN_SELF = YES;
				CLANG_WARN_OBJC_LITERAL_CONVERSION = YES;
				CLANG_WARN_OBJC_ROOT_CLASS = YES_ERROR;
				CLANG_WARN_RANGE_LOOP_ANALYSIS = YES;
				CLANG_WARN_STRICT_PROTOTYPES = YES;
				CLANG_WARN_SUSPICIOUS_MOVE = YES;
				CLANG_WARN_UNGUARDED_AVAILABILITY = YES_AGGRESSIVE;
				CLANG_WARN_UNREACHABLE_CODE = YES;
				CLANG_WARN__DUPLICATE_METHOD_MATCH = YES;
				COPY_PHASE_STRIP = NO;
				DEBUG_INFORMATION_FORMAT = "dwarf-with-dsym";
				ENABLE_NS_ASSERTIONS = NO;
				ENABLE_STRICT_OBJC_MSGSEND = YES;
				GCC_C_LANGUAGE_STANDARD = gnu11;
				GCC_NO_COMMON_BLOCKS = YES;
				GCC_WARN_64_TO_32_BIT_CONVERSION = YES;
				GCC_WARN_ABOUT_RETURN_TYPE = YES_ERROR;
				GCC_WARN_UNDECLARED_SELECTOR = YES;
				GCC_WARN_UNINITIALIZED_AUTOS = YES_AGGRESSIVE;
				GCC_WARN_UNUSED_FUNCTION = YES;
				GCC_WARN_UNUSED_VARIABLE = YES;
				IPHONEOS_DEPLOYMENT_TARGET = 13.4;
				MTL_ENABLE_DEBUG_INFO = NO;
				MTL_FAST_MATH = YES;
				SDKROOT = iphoneos;
				SWIFT_COMPILATION_MODE = wholemodule;
				SWIFT_OPTIMIZATION_LEVEL = "-O";
				VALIDATE_PRODUCT = YES;
			};
			name = Release;
		};
		8E4D405C249421A400743E33 /* Debug */ = {
			isa = XCBuildConfiguration;
			buildSettings = {
				ASSETCATALOG_COMPILER_APPICON_NAME = AppIcon;
				CODE_SIGN_STYLE = Automatic;
				DEVELOPMENT_TEAM = 9MANJGMHYB;
				INFOPLIST_FILE = PexelsAPISearch/Resources/Info.plist;
				LD_RUNPATH_SEARCH_PATHS = (
					"$(inherited)",
					"@executable_path/Frameworks",
				);
				PRODUCT_BUNDLE_IDENTIFIER = John.PexelsAPISearch;
				PRODUCT_NAME = "$(TARGET_NAME)";
				SWIFT_VERSION = 5.0;
				TARGETED_DEVICE_FAMILY = "1,2";
			};
			name = Debug;
		};
		8E4D405D249421A400743E33 /* Release */ = {
			isa = XCBuildConfiguration;
			buildSettings = {
				ASSETCATALOG_COMPILER_APPICON_NAME = AppIcon;
				CODE_SIGN_STYLE = Automatic;
				DEVELOPMENT_TEAM = 9MANJGMHYB;
				INFOPLIST_FILE = PexelsAPISearch/Resources/Info.plist;
				LD_RUNPATH_SEARCH_PATHS = (
					"$(inherited)",
					"@executable_path/Frameworks",
				);
				PRODUCT_BUNDLE_IDENTIFIER = John.PexelsAPISearch;
				PRODUCT_NAME = "$(TARGET_NAME)";
				SWIFT_VERSION = 5.0;
				TARGETED_DEVICE_FAMILY = "1,2";
			};
			name = Release;
		};
		8E4D405F249421A400743E33 /* Debug */ = {
			isa = XCBuildConfiguration;
			buildSettings = {
				ALWAYS_EMBED_SWIFT_STANDARD_LIBRARIES = YES;
				BUNDLE_LOADER = "$(TEST_HOST)";
				CODE_SIGN_STYLE = Automatic;
				DEVELOPMENT_TEAM = 9MANJGMHYB;
				INFOPLIST_FILE = PexelsAPISearchTests/Info.plist;
				IPHONEOS_DEPLOYMENT_TARGET = 13.4;
				LD_RUNPATH_SEARCH_PATHS = (
					"$(inherited)",
					"@executable_path/Frameworks",
					"@loader_path/Frameworks",
				);
				PRODUCT_BUNDLE_IDENTIFIER = John.PexelsAPISearchTests;
				PRODUCT_NAME = "$(TARGET_NAME)";
				SWIFT_VERSION = 5.0;
				TARGETED_DEVICE_FAMILY = "1,2";
				TEST_HOST = "$(BUILT_PRODUCTS_DIR)/PexelsAPISearch.app/PexelsAPISearch";
			};
			name = Debug;
		};
		8E4D4060249421A400743E33 /* Release */ = {
			isa = XCBuildConfiguration;
			buildSettings = {
				ALWAYS_EMBED_SWIFT_STANDARD_LIBRARIES = YES;
				BUNDLE_LOADER = "$(TEST_HOST)";
				CODE_SIGN_STYLE = Automatic;
				DEVELOPMENT_TEAM = 9MANJGMHYB;
				INFOPLIST_FILE = PexelsAPISearchTests/Info.plist;
				IPHONEOS_DEPLOYMENT_TARGET = 13.4;
				LD_RUNPATH_SEARCH_PATHS = (
					"$(inherited)",
					"@executable_path/Frameworks",
					"@loader_path/Frameworks",
				);
				PRODUCT_BUNDLE_IDENTIFIER = John.PexelsAPISearchTests;
				PRODUCT_NAME = "$(TARGET_NAME)";
				SWIFT_VERSION = 5.0;
				TARGETED_DEVICE_FAMILY = "1,2";
				TEST_HOST = "$(BUILT_PRODUCTS_DIR)/PexelsAPISearch.app/PexelsAPISearch";
			};
			name = Release;
		};
/* End XCBuildConfiguration section */

/* Begin XCConfigurationList section */
		8E4D4037249421A000743E33 /* Build configuration list for PBXProject "PexelsAPISearch" */ = {
			isa = XCConfigurationList;
			buildConfigurations = (
				8E4D4059249421A400743E33 /* Debug */,
				8E4D405A249421A400743E33 /* Release */,
			);
			defaultConfigurationIsVisible = 0;
			defaultConfigurationName = Release;
		};
		8E4D405B249421A400743E33 /* Build configuration list for PBXNativeTarget "PexelsAPISearch" */ = {
			isa = XCConfigurationList;
			buildConfigurations = (
				8E4D405C249421A400743E33 /* Debug */,
				8E4D405D249421A400743E33 /* Release */,
			);
			defaultConfigurationIsVisible = 0;
			defaultConfigurationName = Release;
		};
		8E4D405E249421A400743E33 /* Build configuration list for PBXNativeTarget "PexelsAPISearchTests" */ = {
			isa = XCConfigurationList;
			buildConfigurations = (
				8E4D405F249421A400743E33 /* Debug */,
				8E4D4060249421A400743E33 /* Release */,
			);
			defaultConfigurationIsVisible = 0;
			defaultConfigurationName = Release;
		};
/* End XCConfigurationList section */
	};
	rootObject = 8E4D4034249421A000743E33 /* Project object */;
}
